{
  "name": "single-spa-react-angularjs-webpack-example",
  "version": "1.0.0",
  "lockfileVersion": 1,
  "requires": true,
  "dependencies": {
    "single-spa": {
      "version": "4.4.3",
      "resolved": "https://registry.npmjs.org/single-spa/-/single-spa-4.4.3.tgz",
      "integrity": "sha512-xpbCMrA3TtzJkjiq6zwxZQTqBTWtUrq4IDZWT+tOba+FgbFSrvCDCmHhadxDO9fm3JBuyELvKoS8qD73gUIh9Q=="
    }
  }
}
